
Microsoft Visual Studio Solution File, Format Version 12.00
# Visual Studio Version 17
VisualStudioVersion = 17.9.34723.18
MinimumVisualStudioVersion = 10.0.40219.1
Project("{FAE04EC0-301F-11D3-BF4B-00C04F79EFBC}") = "PhotoEditor", "PhotoEditor.csproj", "{D7018977-B144-4828-9555-AC53EFF164F0}"
EndProject
Global
	GlobalSection(SolutionConfigurationPlatforms) = preSolution
		Debug|Any CPU = Debug|Any CPU
		Release|Any CPU = Release|Any CPU
	EndGlobalSection
	GlobalSection(ProjectConfigurationPlatforms) = postSolution
		{D7018977-B144-4828-9555-AC53EFF164F0}.Debug|Any CPU.ActiveCfg = Debug|Any CPU
		{D7018977-B144-4828-9555-AC53EFF164F0}.Debug|Any CPU.Build.0 = Debug|Any CPU
		{D7018977-B144-4828-9555-AC53EFF164F0}.Release|Any CPU.ActiveCfg = Release|Any CPU
		{D7018977-B144-4828-9555-AC53EFF164F0}.Release|Any CPU.Build.0 = Release|Any CPU
	EndGlobalSection
	GlobalSection(SolutionProperties) = preSolution
		HideSolutionNode = FALSE
	EndGlobalSection
	GlobalSection(ExtensibilityGlobals) = postSolution
		SolutionGuid = {284D0EDA-B0E7-4F14-AA46-D6C20D0DBD49}
	EndGlobalSection
EndGlobal
